<Solution>
  <Project Path="Lab01Ivanov/Lab01Ivanov.csproj" />
  <Project Path="TaskManager.DBModels/TaskManager.DBModels.csproj" />
  <Project Path="TaskManager.UIModels/TaskManager.UIModels.csproj" />
  <Project Path="TaskManager.Services/TaskManager.Services.csproj" />
  <Project Path="TaskManagerConsole/TaskManagerConsole.csproj" />
</Solution>
